
Microsoft Visual Studio Solution File, Format Version 12.00
# Visual Studio Version 17
VisualStudioVersion = 17.13.35806.99 d17.13
MinimumVisualStudioVersion = 10.0.40219.1
Project("{FAE04EC0-301F-11D3-BF4B-00C04F79EFBC}") = "Lab8", "Lab8.csproj", "{9E236BF1-567B-43C7-B9E7-11B4E1B48F81}"
EndProject
Global
	GlobalSection(SolutionConfigurationPlatforms) = preSolution
		Debug|Any CPU = Debug|Any CPU
		Release|Any CPU = Release|Any CPU
	EndGlobalSection
	GlobalSection(ProjectConfigurationPlatforms) = postSolution
		{9E236BF1-567B-43C7-B9E7-11B4E1B48F81}.Debug|Any CPU.ActiveCfg = Debug|Any CPU
		{9E236BF1-567B-43C7-B9E7-11B4E1B48F81}.Debug|Any CPU.Build.0 = Debug|Any CPU
		{9E236BF1-567B-43C7-B9E7-11B4E1B48F81}.Release|Any CPU.ActiveCfg = Release|Any CPU
		{9E236BF1-567B-43C7-B9E7-11B4E1B48F81}.Release|Any CPU.Build.0 = Release|Any CPU
	EndGlobalSection
	GlobalSection(SolutionProperties) = preSolution
		HideSolutionNode = FALSE
	EndGlobalSection
	GlobalSection(ExtensibilityGlobals) = postSolution
		SolutionGuid = {ABB0A272-EB39-4C2F-BCF7-7C23DA8D6A64}
	EndGlobalSection
EndGlobal
