
Microsoft Visual Studio Solution File, Format Version 12.00
# Visual Studio Version 17
VisualStudioVersion = 17.13.35806.99 d17.13
MinimumVisualStudioVersion = 10.0.40219.1
Project("{FAE04EC0-301F-11D3-BF4B-00C04F79EFBC}") = "lab2_c_charp", "lab2_c_charp\lab2_c_charp.csproj", "{2147BB7B-1C61-45EA-B9F3-916CF16D7CA1}"
EndProject
Global
	GlobalSection(SolutionConfigurationPlatforms) = preSolution
		Debug|Any CPU = Debug|Any CPU
		Release|Any CPU = Release|Any CPU
	EndGlobalSection
	GlobalSection(ProjectConfigurationPlatforms) = postSolution
		{2147BB7B-1C61-45EA-B9F3-916CF16D7CA1}.Debug|Any CPU.ActiveCfg = Debug|Any CPU
		{2147BB7B-1C61-45EA-B9F3-916CF16D7CA1}.Debug|Any CPU.Build.0 = Debug|Any CPU
		{2147BB7B-1C61-45EA-B9F3-916CF16D7CA1}.Release|Any CPU.ActiveCfg = Release|Any CPU
		{2147BB7B-1C61-45EA-B9F3-916CF16D7CA1}.Release|Any CPU.Build.0 = Release|Any CPU
	EndGlobalSection
	GlobalSection(SolutionProperties) = preSolution
		HideSolutionNode = FALSE
	EndGlobalSection
	GlobalSection(ExtensibilityGlobals) = postSolution
		SolutionGuid = {8FD8281C-8963-434E-BAF8-0D90CD92498B}
	EndGlobalSection
EndGlobal
