
Microsoft Visual Studio Solution File, Format Version 12.00
# Visual Studio Version 17
VisualStudioVersion = 17.13.35806.99 d17.13
MinimumVisualStudioVersion = 10.0.40219.1
Project("{FAE04EC0-301F-11D3-BF4B-00C04F79EFBC}") = "lab3_c_charp", "lab3_c_charp\lab3_c_charp.csproj", "{D22D658E-A15F-4C83-9E6C-35A67C07DC89}"
EndProject
Global
	GlobalSection(SolutionConfigurationPlatforms) = preSolution
		Debug|Any CPU = Debug|Any CPU
		Release|Any CPU = Release|Any CPU
	EndGlobalSection
	GlobalSection(ProjectConfigurationPlatforms) = postSolution
		{D22D658E-A15F-4C83-9E6C-35A67C07DC89}.Debug|Any CPU.ActiveCfg = Debug|Any CPU
		{D22D658E-A15F-4C83-9E6C-35A67C07DC89}.Debug|Any CPU.Build.0 = Debug|Any CPU
		{D22D658E-A15F-4C83-9E6C-35A67C07DC89}.Release|Any CPU.ActiveCfg = Release|Any CPU
		{D22D658E-A15F-4C83-9E6C-35A67C07DC89}.Release|Any CPU.Build.0 = Release|Any CPU
	EndGlobalSection
	GlobalSection(SolutionProperties) = preSolution
		HideSolutionNode = FALSE
	EndGlobalSection
	GlobalSection(ExtensibilityGlobals) = postSolution
		SolutionGuid = {91931625-D732-43AE-8C9A-4D37FE872EAA}
	EndGlobalSection
EndGlobal
