
Microsoft Visual Studio Solution File, Format Version 12.00
# Visual Studio Version 17
VisualStudioVersion = 17.13.35806.99 d17.13
MinimumVisualStudioVersion = 10.0.40219.1
Project("{FAE04EC0-301F-11D3-BF4B-00C04F79EFBC}") = "Lab6", "Lab6.csproj", "{0BCA34BD-7D27-4BB4-872A-99839333AC01}"
EndProject
Global
	GlobalSection(SolutionConfigurationPlatforms) = preSolution
		Debug|Any CPU = Debug|Any CPU
		Release|Any CPU = Release|Any CPU
	EndGlobalSection
	GlobalSection(ProjectConfigurationPlatforms) = postSolution
		{0BCA34BD-7D27-4BB4-872A-99839333AC01}.Debug|Any CPU.ActiveCfg = Debug|Any CPU
		{0BCA34BD-7D27-4BB4-872A-99839333AC01}.Debug|Any CPU.Build.0 = Debug|Any CPU
		{0BCA34BD-7D27-4BB4-872A-99839333AC01}.Release|Any CPU.ActiveCfg = Release|Any CPU
		{0BCA34BD-7D27-4BB4-872A-99839333AC01}.Release|Any CPU.Build.0 = Release|Any CPU
	EndGlobalSection
	GlobalSection(SolutionProperties) = preSolution
		HideSolutionNode = FALSE
	EndGlobalSection
	GlobalSection(ExtensibilityGlobals) = postSolution
		SolutionGuid = {F6754104-54D8-4451-8333-7CE5723D46D1}
	EndGlobalSection
EndGlobal
