
Microsoft Visual Studio Solution File, Format Version 12.00
# Visual Studio Version 17
VisualStudioVersion = 17.13.35806.99 d17.13
MinimumVisualStudioVersion = 10.0.40219.1
Project("{FAE04EC0-301F-11D3-BF4B-00C04F79EFBC}") = "lab5_sharp", "lab5_sharp\lab5_sharp.csproj", "{4CC1BEA3-91AF-4982-A974-CE67276FF1EB}"
EndProject
Global
	GlobalSection(SolutionConfigurationPlatforms) = preSolution
		Debug|Any CPU = Debug|Any CPU
		Release|Any CPU = Release|Any CPU
	EndGlobalSection
	GlobalSection(ProjectConfigurationPlatforms) = postSolution
		{4CC1BEA3-91AF-4982-A974-CE67276FF1EB}.Debug|Any CPU.ActiveCfg = Debug|Any CPU
		{4CC1BEA3-91AF-4982-A974-CE67276FF1EB}.Debug|Any CPU.Build.0 = Debug|Any CPU
		{4CC1BEA3-91AF-4982-A974-CE67276FF1EB}.Release|Any CPU.ActiveCfg = Release|Any CPU
		{4CC1BEA3-91AF-4982-A974-CE67276FF1EB}.Release|Any CPU.Build.0 = Release|Any CPU
	EndGlobalSection
	GlobalSection(SolutionProperties) = preSolution
		HideSolutionNode = FALSE
	EndGlobalSection
	GlobalSection(ExtensibilityGlobals) = postSolution
		SolutionGuid = {BF2AF66F-D3B2-44E8-AC16-C7455DB1E0DB}
	EndGlobalSection
EndGlobal
